
Microsoft Visual Studio Solution File, Format Version 12.00
# Visual Studio Version 17
VisualStudioVersion = 17.0.31912.275
MinimumVisualStudioVersion = 10.0.40219.1
Project("{FAE04EC0-301F-11D3-BF4B-00C04F79EFBC}") = "XeroOctet.Api", "XeroOctet.Api\XeroOctet.Api.csproj", "{23D3144E-F3DD-4BAF-878E-2FB2DFA1B5DA}"
EndProject
Project("{FAE04EC0-301F-11D3-BF4B-00C04F79EFBC}") = "XeroOctet.Data", "XeroOctet.Data\XeroOctet.Data.csproj", "{A78D20CF-8A5D-4CA2-BB6E-41CCD2F71398}"
EndProject
Project("{FAE04EC0-301F-11D3-BF4B-00C04F79EFBC}") = "XeroOctet.Test", "XeroOctet.Test\XeroOctet.Test.csproj", "{3F004778-A4DD-4D08-ABC4-0051CB8ADB46}"
EndProject
Global
	GlobalSection(SolutionConfigurationPlatforms) = preSolution
		Debug|Any CPU = Debug|Any CPU
		Release|Any CPU = Release|Any CPU
	EndGlobalSection
	GlobalSection(ProjectConfigurationPlatforms) = postSolution
		{23D3144E-F3DD-4BAF-878E-2FB2DFA1B5DA}.Debug|Any CPU.ActiveCfg = Debug|Any CPU
		{23D3144E-F3DD-4BAF-878E-2FB2DFA1B5DA}.Debug|Any CPU.Build.0 = Debug|Any CPU
		{23D3144E-F3DD-4BAF-878E-2FB2DFA1B5DA}.Release|Any CPU.ActiveCfg = Release|Any CPU
		{23D3144E-F3DD-4BAF-878E-2FB2DFA1B5DA}.Release|Any CPU.Build.0 = Release|Any CPU
		{A78D20CF-8A5D-4CA2-BB6E-41CCD2F71398}.Debug|Any CPU.ActiveCfg = Debug|Any CPU
		{A78D20CF-8A5D-4CA2-BB6E-41CCD2F71398}.Debug|Any CPU.Build.0 = Debug|Any CPU
		{A78D20CF-8A5D-4CA2-BB6E-41CCD2F71398}.Release|Any CPU.ActiveCfg = Release|Any CPU
		{A78D20CF-8A5D-4CA2-BB6E-41CCD2F71398}.Release|Any CPU.Build.0 = Release|Any CPU
		{3F004778-A4DD-4D08-ABC4-0051CB8ADB46}.Debug|Any CPU.ActiveCfg = Debug|Any CPU
		{3F004778-A4DD-4D08-ABC4-0051CB8ADB46}.Debug|Any CPU.Build.0 = Debug|Any CPU
		{3F004778-A4DD-4D08-ABC4-0051CB8ADB46}.Release|Any CPU.ActiveCfg = Release|Any CPU
		{3F004778-A4DD-4D08-ABC4-0051CB8ADB46}.Release|Any CPU.Build.0 = Release|Any CPU
	EndGlobalSection
	GlobalSection(SolutionProperties) = preSolution
		HideSolutionNode = FALSE
	EndGlobalSection
	GlobalSection(ExtensibilityGlobals) = postSolution
		SolutionGuid = {0735AFC8-2D03-4261-8D88-FC698C3164F0}
	EndGlobalSection
EndGlobal
